// !$*UTF8*$!
{
	archiveVersion = 1;
	classes = {
	};
	objectVersion = 46;
	objects = {

/* Begin PBXBuildFile section */
		5B4F0DDC196EDE1000DA8874 /* Foundation.framework in Frameworks */ = {isa = PBXBuildFile; fileRef = 5B4F0DDB196EDE1000DA8874 /* Foundation.framework */; };
		5B4F0DDE196EDE1000DA8874 /* CoreGraphics.framework in Frameworks */ = {isa = PBXBuildFile; fileRef = 5B4F0DDD196EDE1000DA8874 /* CoreGraphics.framework */; };
		5B4F0DE0196EDE1000DA8874 /* UIKit.framework in Frameworks */ = {isa = PBXBuildFile; fileRef = 5B4F0DDF196EDE1000DA8874 /* UIKit.framework */; };
		5B4F0DE6196EDE1000DA8874 /* InfoPlist.strings in Resources */ = {isa = PBXBuildFile; fileRef = 5B4F0DE4196EDE1000DA8874 /* InfoPlist.strings */; };
		5B4F0DE8196EDE1000DA8874 /* main.m in Sources */ = {isa = PBXBuildFile; fileRef = 5B4F0DE7196EDE1000DA8874 /* main.m */; };
		5B4F0DEC196EDE1000DA8874 /* AppDelegate.m in Sources */ = {isa = PBXBuildFile; fileRef = 5B4F0DEB196EDE1000DA8874 /* AppDelegate.m */; };
		5B4F0DEF196EDE1000DA8874 /* Main.storyboard in Resources */ = {isa = PBXBuildFile; fileRef = 5B4F0DED196EDE1000DA8874 /* Main.storyboard */; };
		5B4F0DF4196EDE1000DA8874 /* Images.xcassets in Resources */ = {isa = PBXBuildFile; fileRef = 5B4F0DF3196EDE1000DA8874 /* Images.xcassets */; };
		5B4F0DFB196EDE1000DA8874 /* XCTest.framework in Frameworks */ = {isa = PBXBuildFile; fileRef = 5B4F0DFA196EDE1000DA8874 /* XCTest.framework */; };
		5B4F0DFC196EDE1000DA8874 /* Foundation.framework in Frameworks */ = {isa = PBXBuildFile; fileRef = 5B4F0DDB196EDE1000DA8874 /* Foundation.framework */; };
		5B4F0DFD196EDE1000DA8874 /* UIKit.framework in Frameworks */ = {isa = PBXBuildFile; fileRef = 5B4F0DDF196EDE1000DA8874 /* UIKit.framework */; };
		5B4F0E05196EDE1000DA8874 /* InfoPlist.strings in Resources */ = {isa = PBXBuildFile; fileRef = 5B4F0E03196EDE1000DA8874 /* InfoPlist.strings */; };
		5B4F0E07196EDE1000DA8874 /* Demo2ObjectiveDDPTests.m in Sources */ = {isa = PBXBuildFile; fileRef = 5B4F0E06196EDE1000DA8874 /* Demo2ObjectiveDDPTests.m */; };
		5B4F0E7C196EEAA200DA8874 /* libicucore.dylib in Frameworks */ = {isa = PBXBuildFile; fileRef = 5B4F0E7B196EEAA200DA8874 /* libicucore.dylib */; };
		5B4F0E7E196EEAAB00DA8874 /* CFNetwork.framework in Frameworks */ = {isa = PBXBuildFile; fileRef = 5B4F0E7D196EEAAB00DA8874 /* CFNetwork.framework */; };
		5B4F0E80196EEAB300DA8874 /* Security.framework in Frameworks */ = {isa = PBXBuildFile; fileRef = 5B4F0E7F196EEAB300DA8874 /* Security.framework */; };
		5B4F0E83196F031300DA8874 /* LoginViewController.m in Sources */ = {isa = PBXBuildFile; fileRef = 5B4F0E82196F031300DA8874 /* LoginViewController.m */; };
		5BDD292019771BD2004939B9 /* BSONIdGenerator.m in Sources */ = {isa = PBXBuildFile; fileRef = 5BDD28BE19771BD2004939B9 /* BSONIdGenerator.m */; };
		5BDD292119771BD2004939B9 /* DependencyProvider.m in Sources */ = {isa = PBXBuildFile; fileRef = 5BDD28C019771BD2004939B9 /* DependencyProvider.m */; };
		5BDD292219771BD2004939B9 /* libcrypto.a in Frameworks */ = {isa = PBXBuildFile; fileRef = 5BDD28C119771BD2004939B9 /* libcrypto.a */; };
		5BDD292319771BD2004939B9 /* MeteorClient+Parsing.m in Sources */ = {isa = PBXBuildFile; fileRef = 5BDD28C219771BD2004939B9 /* MeteorClient+Parsing.m */; };
		5BDD292419771BD2004939B9 /* MeteorClient.m in Sources */ = {isa = PBXBuildFile; fileRef = 5BDD28C519771BD2004939B9 /* MeteorClient.m */; };
		5BDD292519771BD2004939B9 /* NSData+DDPHex.m in Sources */ = {isa = PBXBuildFile; fileRef = 5BDD28C719771BD2004939B9 /* NSData+DDPHex.m */; };
		5BDD292619771BD2004939B9 /* ObjectiveDDP.m in Sources */ = {isa = PBXBuildFile; fileRef = 5BDD28CA19771BD2004939B9 /* ObjectiveDDP.m */; };
		5BDD292719771BD2004939B9 /* srp.c in Sources */ = {isa = PBXBuildFile; fileRef = 5BDD291719771BD2004939B9 /* srp.c */; };
		5BDD292819771BD2004939B9 /* base64.c in Sources */ = {isa = PBXBuildFile; fileRef = 5BDD291A19771BD2004939B9 /* base64.c */; };
		5BDD292919771BD2004939B9 /* NSData+SRB64Additions.m in Sources */ = {isa = PBXBuildFile; fileRef = 5BDD291D19771BD2004939B9 /* NSData+SRB64Additions.m */; };
		5BDD292A19771BD2004939B9 /* SRWebSocket.m in Sources */ = {isa = PBXBuildFile; fileRef = 5BDD291F19771BD2004939B9 /* SRWebSocket.m */; };
		5BDD292D1977220D004939B9 /* CreateAccountViewController.m in Sources */ = {isa = PBXBuildFile; fileRef = 5BDD292C1977220D004939B9 /* CreateAccountViewController.m */; };
/* End PBXBuildFile section */

/* Begin PBXContainerItemProxy section */
		5B4F0DFE196EDE1000DA8874 /* PBXContainerItemProxy */ = {
			isa = PBXContainerItemProxy;
			containerPortal = 5B4F0DD0196EDE1000DA8874 /* Project object */;
			proxyType = 1;
			remoteGlobalIDString = 5B4F0DD7196EDE1000DA8874;
			remoteInfo = Demo2ObjectiveDDP;
		};
/* End PBXContainerItemProxy section */

/* Begin PBXFileReference section */
		5B4F0DD8196EDE1000DA8874 /* ObjectiveDDPExample.app */ = {isa = PBXFileReference; explicitFileType = wrapper.application; includeInIndex = 0; path = ObjectiveDDPExample.app; sourceTree = BUILT_PRODUCTS_DIR; };
		5B4F0DDB196EDE1000DA8874 /* Foundation.framework */ = {isa = PBXFileReference; lastKnownFileType = wrapper.framework; name = Foundation.framework; path = System/Library/Frameworks/Foundation.framework; sourceTree = SDKROOT; };
		5B4F0DDD196EDE1000DA8874 /* CoreGraphics.framework */ = {isa = PBXFileReference; lastKnownFileType = wrapper.framework; name = CoreGraphics.framework; path = System/Library/Frameworks/CoreGraphics.framework; sourceTree = SDKROOT; };
		5B4F0DDF196EDE1000DA8874 /* UIKit.framework */ = {isa = PBXFileReference; lastKnownFileType = wrapper.framework; name = UIKit.framework; path = System/Library/Frameworks/UIKit.framework; sourceTree = SDKROOT; };
		5B4F0DE3196EDE1000DA8874 /* ObjectiveDDPExample-Info.plist */ = {isa = PBXFileReference; lastKnownFileType = text.plist.xml; name = "ObjectiveDDPExample-Info.plist"; path = "../ObjectiveDDPExample/ObjectiveDDPExample-Info.plist"; sourceTree = "<group>"; };
		5B4F0DE5196EDE1000DA8874 /* en */ = {isa = PBXFileReference; lastKnownFileType = text.plist.strings; name = en; path = en.lproj/InfoPlist.strings; sourceTree = "<group>"; };
		5B4F0DE7196EDE1000DA8874 /* main.m */ = {isa = PBXFileReference; lastKnownFileType = sourcecode.c.objc; name = main.m; path = ../ObjectiveDDPExample/main.m; sourceTree = "<group>"; };
		5B4F0DE9196EDE1000DA8874 /* ObjectiveDDPExample-Prefix.pch */ = {isa = PBXFileReference; lastKnownFileType = sourcecode.c.h; name = "ObjectiveDDPExample-Prefix.pch"; path = "../ObjectiveDDPExample/ObjectiveDDPExample-Prefix.pch"; sourceTree = "<group>"; };
		5B4F0DEA196EDE1000DA8874 /* AppDelegate.h */ = {isa = PBXFileReference; lastKnownFileType = sourcecode.c.h; name = AppDelegate.h; path = ../ObjectiveDDPExample/AppDelegate.h; sourceTree = "<group>"; };
		5B4F0DEB196EDE1000DA8874 /* AppDelegate.m */ = {isa = PBXFileReference; lastKnownFileType = sourcecode.c.objc; name = AppDelegate.m; path = "../../ObjectiveDDP Login:Signup Example/ObjectiveDDPExample/AppDelegate.m"; sourceTree = "<group>"; };
		5B4F0DEE196EDE1000DA8874 /* Base */ = {isa = PBXFileReference; lastKnownFileType = file.storyboard; name = Base; path = Base.lproj/Main.storyboard; sourceTree = "<group>"; };
		5B4F0DF3196EDE1000DA8874 /* Images.xcassets */ = {isa = PBXFileReference; lastKnownFileType = folder.assetcatalog; name = Images.xcassets; path = ../ObjectiveDDPExample/Images.xcassets; sourceTree = "<group>"; };
		5B4F0DF9196EDE1000DA8874 /* ObjectiveDDPExampleTests.xctest */ = {isa = PBXFileReference; explicitFileType = wrapper.cfbundle; includeInIndex = 0; path = ObjectiveDDPExampleTests.xctest; sourceTree = BUILT_PRODUCTS_DIR; };
		5B4F0DFA196EDE1000DA8874 /* XCTest.framework */ = {isa = PBXFileReference; lastKnownFileType = wrapper.framework; name = XCTest.framework; path = Library/Frameworks/XCTest.framework; sourceTree = DEVELOPER_DIR; };
		5B4F0E02196EDE1000DA8874 /* Demo2ObjectiveDDPTests-Info.plist */ = {isa = PBXFileReference; lastKnownFileType = text.plist.xml; path = "Demo2ObjectiveDDPTests-Info.plist"; sourceTree = "<group>"; };
		5B4F0E04196EDE1000DA8874 /* en */ = {isa = PBXFileReference; lastKnownFileType = text.plist.strings; name = en; path = en.lproj/InfoPlist.strings; sourceTree = "<group>"; };
		5B4F0E06196EDE1000DA8874 /* Demo2ObjectiveDDPTests.m */ = {isa = PBXFileReference; lastKnownFileType = sourcecode.c.objc; path = Demo2ObjectiveDDPTests.m; sourceTree = "<group>"; };
		5B4F0E7B196EEAA200DA8874 /* libicucore.dylib */ = {isa = PBXFileReference; lastKnownFileType = "compiled.mach-o.dylib"; name = libicucore.dylib; path = usr/lib/libicucore.dylib; sourceTree = SDKROOT; };
		5B4F0E7D196EEAAB00DA8874 /* CFNetwork.framework */ = {isa = PBXFileReference; lastKnownFileType = wrapper.framework; name = CFNetwork.framework; path = System/Library/Frameworks/CFNetwork.framework; sourceTree = SDKROOT; };
		5B4F0E7F196EEAB300DA8874 /* Security.framework */ = {isa = PBXFileReference; lastKnownFileType = wrapper.framework; name = Security.framework; path = System/Library/Frameworks/Security.framework; sourceTree = SDKROOT; };
		5B4F0E81196F031300DA8874 /* LoginViewController.h */ = {isa = PBXFileReference; fileEncoding = 4; lastKnownFileType = sourcecode.c.h; name = LoginViewController.h; path = ../ObjectiveDDPExample/LoginViewController.h; sourceTree = "<group>"; };
		5B4F0E82196F031300DA8874 /* LoginViewController.m */ = {isa = PBXFileReference; fileEncoding = 4; lastKnownFileType = sourcecode.c.objc; name = LoginViewController.m; path = ../ObjectiveDDPExample/LoginViewController.m; sourceTree = "<group>"; };
		5BDD28BD19771BD2004939B9 /* BSONIdGenerator.h */ = {isa = PBXFileReference; fileEncoding = 4; lastKnownFileType = sourcecode.c.h; path = BSONIdGenerator.h; sourceTree = "<group>"; };
		5BDD28BE19771BD2004939B9 /* BSONIdGenerator.m */ = {isa = PBXFileReference; fileEncoding = 4; lastKnownFileType = sourcecode.c.objc; path = BSONIdGenerator.m; sourceTree = "<group>"; };
		5BDD28BF19771BD2004939B9 /* DependencyProvider.h */ = {isa = PBXFileReference; fileEncoding = 4; lastKnownFileType = sourcecode.c.h; path = DependencyProvider.h; sourceTree = "<group>"; };
		5BDD28C019771BD2004939B9 /* DependencyProvider.m */ = {isa = PBXFileReference; fileEncoding = 4; lastKnownFileType = sourcecode.c.objc; path = DependencyProvider.m; sourceTree = "<group>"; };
		5BDD28C119771BD2004939B9 /* libcrypto.a */ = {isa = PBXFileReference; lastKnownFileType = archive.ar; path = libcrypto.a; sourceTree = "<group>"; };
		5BDD28C219771BD2004939B9 /* MeteorClient+Parsing.m */ = {isa = PBXFileReference; fileEncoding = 4; lastKnownFileType = sourcecode.c.objc; path = "MeteorClient+Parsing.m"; sourceTree = "<group>"; };
		5BDD28C319771BD2004939B9 /* MeteorClient+Private.h */ = {isa = PBXFileReference; fileEncoding = 4; lastKnownFileType = sourcecode.c.h; path = "MeteorClient+Private.h"; sourceTree = "<group>"; };
		5BDD28C419771BD2004939B9 /* MeteorClient.h */ = {isa = PBXFileReference; fileEncoding = 4; lastKnownFileType = sourcecode.c.h; path = MeteorClient.h; sourceTree = "<group>"; };
		5BDD28C519771BD2004939B9 /* MeteorClient.m */ = {isa = PBXFileReference; fileEncoding = 4; lastKnownFileType = sourcecode.c.objc; path = MeteorClient.m; sourceTree = "<group>"; };
		5BDD28C619771BD2004939B9 /* NSData+DDPHex.h */ = {isa = PBXFileReference; fileEncoding = 4; lastKnownFileType = sourcecode.c.h; path = "NSData+DDPHex.h"; sourceTree = "<group>"; };
		5BDD28C719771BD2004939B9 /* NSData+DDPHex.m */ = {isa = PBXFileReference; fileEncoding = 4; lastKnownFileType = sourcecode.c.objc; path = "NSData+DDPHex.m"; sourceTree = "<group>"; };
		5BDD28C819771BD2004939B9 /* ObjectiveDDP-Prefix.pch */ = {isa = PBXFileReference; fileEncoding = 4; lastKnownFileType = sourcecode.c.h; path = "ObjectiveDDP-Prefix.pch"; sourceTree = "<group>"; };
		5BDD28C919771BD2004939B9 /* ObjectiveDDP.h */ = {isa = PBXFileReference; fileEncoding = 4; lastKnownFileType = sourcecode.c.h; path = ObjectiveDDP.h; sourceTree = "<group>"; };
		5BDD28CA19771BD2004939B9 /* ObjectiveDDP.m */ = {isa = PBXFileReference; fileEncoding = 4; lastKnownFileType = sourcecode.c.objc; path = ObjectiveDDP.m; sourceTree = "<group>"; };
		5BDD28CC19771BD2004939B9 /* aes.h */ = {isa = PBXFileReference; fileEncoding = 4; lastKnownFileType = sourcecode.c.h; path = aes.h; sourceTree = "<group>"; };
		5BDD28CD19771BD2004939B9 /* asn1.h */ = {isa = PBXFileReference; fileEncoding = 4; lastKnownFileType = sourcecode.c.h; path = asn1.h; sourceTree = "<group>"; };
		5BDD28CE19771BD2004939B9 /* asn1_mac.h */ = {isa = PBXFileReference; fileEncoding = 4; lastKnownFileType = sourcecode.c.h; path = asn1_mac.h; sourceTree = "<group>"; };
		5BDD28CF19771BD2004939B9 /* asn1t.h */ = {isa = PBXFileReference; fileEncoding = 4; lastKnownFileType = sourcecode.c.h; path = asn1t.h; sourceTree = "<group>"; };
		5BDD28D019771BD2004939B9 /* bio.h */ = {isa = PBXFileReference; fileEncoding = 4; lastKnownFileType = sourcecode.c.h; path = bio.h; sourceTree = "<group>"; };
		5BDD28D119771BD2004939B9 /* blowfish.h */ = {isa = PBXFileReference; fileEncoding = 4; lastKnownFileType = sourcecode.c.h; path = blowfish.h; sourceTree = "<group>"; };
		5BDD28D219771BD2004939B9 /* bn.h */ = {isa = PBXFileReference; fileEncoding = 4; lastKnownFileType = sourcecode.c.h; path = bn.h; sourceTree = "<group>"; };
		5BDD28D319771BD2004939B9 /* buffer.h */ = {isa = PBXFileReference; fileEncoding = 4; lastKnownFileType = sourcecode.c.h; path = buffer.h; sourceTree = "<group>"; };
		5BDD28D419771BD2004939B9 /* camellia.h */ = {isa = PBXFileReference; fileEncoding = 4; lastKnownFileType = sourcecode.c.h; path = camellia.h; sourceTree = "<group>"; };
		5BDD28D519771BD2004939B9 /* cast.h */ = {isa = PBXFileReference; fileEncoding = 4; lastKnownFileType = sourcecode.c.h; path = cast.h; sourceTree = "<group>"; };
		5BDD28D619771BD2004939B9 /* cmac.h */ = {isa = PBXFileReference; fileEncoding = 4; lastKnownFileType = sourcecode.c.h; path = cmac.h; sourceTree = "<group>"; };
		5BDD28D719771BD2004939B9 /* cms.h */ = {isa = PBXFileReference; fileEncoding = 4; lastKnownFileType = sourcecode.c.h; path = cms.h; sourceTree = "<group>"; };
		5BDD28D819771BD2004939B9 /* comp.h */ = {isa = PBXFileReference; fileEncoding = 4; lastKnownFileType = sourcecode.c.h; path = comp.h; sourceTree = "<group>"; };
		5BDD28D919771BD2004939B9 /* conf.h */ = {isa = PBXFileReference; fileEncoding = 4; lastKnownFileType = sourcecode.c.h; path = conf.h; sourceTree = "<group>"; };
		5BDD28DA19771BD2004939B9 /* conf_api.h */ = {isa = PBXFileReference; fileEncoding = 4; lastKnownFileType = sourcecode.c.h; path = conf_api.h; sourceTree = "<group>"; };
		5BDD28DB19771BD2004939B9 /* crypto.h */ = {isa = PBXFileReference; fileEncoding = 4; lastKnownFileType = sourcecode.c.h; path = crypto.h; sourceTree = "<group>"; };
		5BDD28DC19771BD2004939B9 /* des.h */ = {isa = PBXFileReference; fileEncoding = 4; lastKnownFileType = sourcecode.c.h; path = des.h; sourceTree = "<group>"; };
		5BDD28DD19771BD2004939B9 /* des_old.h */ = {isa = PBXFileReference; fileEncoding = 4; lastKnownFileType = sourcecode.c.h; path = des_old.h; sourceTree = "<group>"; };
		5BDD28DE19771BD2004939B9 /* dh.h */ = {isa = PBXFileReference; fileEncoding = 4; lastKnownFileType = sourcecode.c.h; path = dh.h; sourceTree = "<group>"; };
		5BDD28DF19771BD2004939B9 /* dsa.h */ = {isa = PBXFileReference; fileEncoding = 4; lastKnownFileType = sourcecode.c.h; path = dsa.h; sourceTree = "<group>"; };
		5BDD28E019771BD2004939B9 /* dso.h */ = {isa = PBXFileReference; fileEncoding = 4; lastKnownFileType = sourcecode.c.h; path = dso.h; sourceTree = "<group>"; };
		5BDD28E119771BD2004939B9 /* dtls1.h */ = {isa = PBXFileReference; fileEncoding = 4; lastKnownFileType = sourcecode.c.h; path = dtls1.h; sourceTree = "<group>"; };
		5BDD28E219771BD2004939B9 /* e_os2.h */ = {isa = PBXFileReference; fileEncoding = 4; lastKnownFileType = sourcecode.c.h; path = e_os2.h; sourceTree = "<group>"; };
		5BDD28E319771BD2004939B9 /* ebcdic.h */ = {isa = PBXFileReference; fileEncoding = 4; lastKnownFileType = sourcecode.c.h; path = ebcdic.h; sourceTree = "<group>"; };
		5BDD28E419771BD2004939B9 /* ec.h */ = {isa = PBXFileReference; fileEncoding = 4; lastKnownFileType = sourcecode.c.h; path = ec.h; sourceTree = "<group>"; };
		5BDD28E519771BD2004939B9 /* ecdh.h */ = {isa = PBXFileReference; fileEncoding = 4; lastKnownFileType = sourcecode.c.h; path = ecdh.h; sourceTree = "<group>"; };
		5BDD28E619771BD2004939B9 /* ecdsa.h */ = {isa = PBXFileReference; fileEncoding = 4; lastKnownFileType = sourcecode.c.h; path = ecdsa.h; sourceTree = "<group>"; };
		5BDD28E719771BD2004939B9 /* engine.h */ = {isa = PBXFileReference; fileEncoding = 4; lastKnownFileType = sourcecode.c.h; path = engine.h; sourceTree = "<group>"; };
		5BDD28E819771BD2004939B9 /* err.h */ = {isa = PBXFileReference; fileEncoding = 4; lastKnownFileType = sourcecode.c.h; path = err.h; sourceTree = "<group>"; };
		5BDD28E919771BD2004939B9 /* evp.h */ = {isa = PBXFileReference; fileEncoding = 4; lastKnownFileType = sourcecode.c.h; path = evp.h; sourceTree = "<group>"; };
		5BDD28EA19771BD2004939B9 /* hmac.h */ = {isa = PBXFileReference; fileEncoding = 4; lastKnownFileType = sourcecode.c.h; path = hmac.h; sourceTree = "<group>"; };
		5BDD28EB19771BD2004939B9 /* idea.h */ = {isa = PBXFileReference; fileEncoding = 4; lastKnownFileType = sourcecode.c.h; path = idea.h; sourceTree = "<group>"; };
		5BDD28EC19771BD2004939B9 /* krb5_asn.h */ = {isa = PBXFileReference; fileEncoding = 4; lastKnownFileType = sourcecode.c.h; path = krb5_asn.h; sourceTree = "<group>"; };
		5BDD28ED19771BD2004939B9 /* kssl.h */ = {isa = PBXFileReference; fileEncoding = 4; lastKnownFileType = sourcecode.c.h; path = kssl.h; sourceTree = "<group>"; };
		5BDD28EE19771BD2004939B9 /* lhash.h */ = {isa = PBXFileReference; fileEncoding = 4; lastKnownFileType = sourcecode.c.h; path = lhash.h; sourceTree = "<group>"; };
		5BDD28EF19771BD2004939B9 /* md4.h */ = {isa = PBXFileReference; fileEncoding = 4; lastKnownFileType = sourcecode.c.h; path = md4.h; sourceTree = "<group>"; };
		5BDD28F019771BD2004939B9 /* md5.h */ = {isa = PBXFileReference; fileEncoding = 4; lastKnownFileType = sourcecode.c.h; path = md5.h; sourceTree = "<group>"; };
		5BDD28F119771BD2004939B9 /* mdc2.h */ = {isa = PBXFileReference; fileEncoding = 4; lastKnownFileType = sourcecode.c.h; path = mdc2.h; sourceTree = "<group>"; };
		5BDD28F219771BD2004939B9 /* modes.h */ = {isa = PBXFileReference; fileEncoding = 4; lastKnownFileType = sourcecode.c.h; path = modes.h; sourceTree = "<group>"; };
		5BDD28F319771BD2004939B9 /* obj_mac.h */ = {isa = PBXFileReference; fileEncoding = 4; lastKnownFileType = sourcecode.c.h; path = obj_mac.h; sourceTree = "<group>"; };
		5BDD28F419771BD2004939B9 /* objects.h */ = {isa = PBXFileReference; fileEncoding = 4; lastKnownFileType = sourcecode.c.h; path = objects.h; sourceTree = "<group>"; };
		5BDD28F519771BD2004939B9 /* ocsp.h */ = {isa = PBXFileReference; fileEncoding = 4; lastKnownFileType = sourcecode.c.h; path = ocsp.h; sourceTree = "<group>"; };
		5BDD28F619771BD2004939B9 /* opensslconf.h */ = {isa = PBXFileReference; fileEncoding = 4; lastKnownFileType = sourcecode.c.h; path = opensslconf.h; sourceTree = "<group>"; };
		5BDD28F719771BD2004939B9 /* opensslv.h */ = {isa = PBXFileReference; fileEncoding = 4; lastKnownFileType = sourcecode.c.h; path = opensslv.h; sourceTree = "<group>"; };
		5BDD28F819771BD2004939B9 /* ossl_typ.h */ = {isa = PBXFileReference; fileEncoding = 4; lastKnownFileType = sourcecode.c.h; path = ossl_typ.h; sourceTree = "<group>"; };
		5BDD28F919771BD2004939B9 /* pem.h */ = {isa = PBXFileReference; fileEncoding = 4; lastKnownFileType = sourcecode.c.h; path = pem.h; sourceTree = "<group>"; };
		5BDD28FA19771BD2004939B9 /* pem2.h */ = {isa = PBXFileReference; fileEncoding = 4; lastKnownFileType = sourcecode.c.h; path = pem2.h; sourceTree = "<group>"; };
		5BDD28FB19771BD2004939B9 /* pkcs12.h */ = {isa = PBXFileReference; fileEncoding = 4; lastKnownFileType = sourcecode.c.h; path = pkcs12.h; sourceTree = "<group>"; };
		5BDD28FC19771BD2004939B9 /* pkcs7.h */ = {isa = PBXFileReference; fileEncoding = 4; lastKnownFileType = sourcecode.c.h; path = pkcs7.h; sourceTree = "<group>"; };
		5BDD28FD19771BD2004939B9 /* pqueue.h */ = {isa = PBXFileReference; fileEncoding = 4; lastKnownFileType = sourcecode.c.h; path = pqueue.h; sourceTree = "<group>"; };
		5BDD28FE19771BD2004939B9 /* rand.h */ = {isa = PBXFileReference; fileEncoding = 4; lastKnownFileType = sourcecode.c.h; path = rand.h; sourceTree = "<group>"; };
		5BDD28FF19771BD2004939B9 /* rc2.h */ = {isa = PBXFileReference; fileEncoding = 4; lastKnownFileType = sourcecode.c.h; path = rc2.h; sourceTree = "<group>"; };
		5BDD290019771BD2004939B9 /* rc4.h */ = {isa = PBXFileReference; fileEncoding = 4; lastKnownFileType = sourcecode.c.h; path = rc4.h; sourceTree = "<group>"; };
		5BDD290119771BD2004939B9 /* ripemd.h */ = {isa = PBXFileReference; fileEncoding = 4; lastKnownFileType = sourcecode.c.h; path = ripemd.h; sourceTree = "<group>"; };
		5BDD290219771BD2004939B9 /* rsa.h */ = {isa = PBXFileReference; fileEncoding = 4; lastKnownFileType = sourcecode.c.h; path = rsa.h; sourceTree = "<group>"; };
		5BDD290319771BD2004939B9 /* safestack.h */ = {isa = PBXFileReference; fileEncoding = 4; lastKnownFileType = sourcecode.c.h; path = safestack.h; sourceTree = "<group>"; };
		5BDD290419771BD2004939B9 /* seed.h */ = {isa = PBXFileReference; fileEncoding = 4; lastKnownFileType = sourcecode.c.h; path = seed.h; sourceTree = "<group>"; };
		5BDD290519771BD2004939B9 /* sha.h */ = {isa = PBXFileReference; fileEncoding = 4; lastKnownFileType = sourcecode.c.h; path = sha.h; sourceTree = "<group>"; };
		5BDD290619771BD2004939B9 /* srtp.h */ = {isa = PBXFileReference; fileEncoding = 4; lastKnownFileType = sourcecode.c.h; path = srtp.h; sourceTree = "<group>"; };
		5BDD290719771BD2004939B9 /* ssl.h */ = {isa = PBXFileReference; fileEncoding = 4; lastKnownFileType = sourcecode.c.h; path = ssl.h; sourceTree = "<group>"; };
		5BDD290819771BD2004939B9 /* ssl2.h */ = {isa = PBXFileReference; fileEncoding = 4; lastKnownFileType = sourcecode.c.h; path = ssl2.h; sourceTree = "<group>"; };
		5BDD290919771BD2004939B9 /* ssl23.h */ = {isa = PBXFileReference; fileEncoding = 4; lastKnownFileType = sourcecode.c.h; path = ssl23.h; sourceTree = "<group>"; };
		5BDD290A19771BD2004939B9 /* ssl3.h */ = {isa = PBXFileReference; fileEncoding = 4; lastKnownFileType = sourcecode.c.h; path = ssl3.h; sourceTree = "<group>"; };
		5BDD290B19771BD2004939B9 /* stack.h */ = {isa = PBXFileReference; fileEncoding = 4; lastKnownFileType = sourcecode.c.h; path = stack.h; sourceTree = "<group>"; };
		5BDD290C19771BD2004939B9 /* symhacks.h */ = {isa = PBXFileReference; fileEncoding = 4; lastKnownFileType = sourcecode.c.h; path = symhacks.h; sourceTree = "<group>"; };
		5BDD290D19771BD2004939B9 /* tls1.h */ = {isa = PBXFileReference; fileEncoding = 4; lastKnownFileType = sourcecode.c.h; path = tls1.h; sourceTree = "<group>"; };
		5BDD290E19771BD2004939B9 /* ts.h */ = {isa = PBXFileReference; fileEncoding = 4; lastKnownFileType = sourcecode.c.h; path = ts.h; sourceTree = "<group>"; };
		5BDD290F19771BD2004939B9 /* txt_db.h */ = {isa = PBXFileReference; fileEncoding = 4; lastKnownFileType = sourcecode.c.h; path = txt_db.h; sourceTree = "<group>"; };
		5BDD291019771BD2004939B9 /* ui.h */ = {isa = PBXFileReference; fileEncoding = 4; lastKnownFileType = sourcecode.c.h; path = ui.h; sourceTree = "<group>"; };
		5BDD291119771BD2004939B9 /* ui_compat.h */ = {isa = PBXFileReference; fileEncoding = 4; lastKnownFileType = sourcecode.c.h; path = ui_compat.h; sourceTree = "<group>"; };
		5BDD291219771BD2004939B9 /* whrlpool.h */ = {isa = PBXFileReference; fileEncoding = 4; lastKnownFileType = sourcecode.c.h; path = whrlpool.h; sourceTree = "<group>"; };
		5BDD291319771BD2004939B9 /* x509.h */ = {isa = PBXFileReference; fileEncoding = 4; lastKnownFileType = sourcecode.c.h; path = x509.h; sourceTree = "<group>"; };
		5BDD291419771BD2004939B9 /* x509_vfy.h */ = {isa = PBXFileReference; fileEncoding = 4; lastKnownFileType = sourcecode.c.h; path = x509_vfy.h; sourceTree = "<group>"; };
		5BDD291519771BD2004939B9 /* x509v3.h */ = {isa = PBXFileReference; fileEncoding = 4; lastKnownFileType = sourcecode.c.h; path = x509v3.h; sourceTree = "<group>"; };
		5BDD291719771BD2004939B9 /* srp.c */ = {isa = PBXFileReference; fileEncoding = 4; lastKnownFileType = sourcecode.c.c; path = srp.c; sourceTree = "<group>"; };
		5BDD291819771BD2004939B9 /* srp.h */ = {isa = PBXFileReference; fileEncoding = 4; lastKnownFileType = sourcecode.c.h; path = srp.h; sourceTree = "<group>"; };
		5BDD291A19771BD2004939B9 /* base64.c */ = {isa = PBXFileReference; fileEncoding = 4; lastKnownFileType = sourcecode.c.c; path = base64.c; sourceTree = "<group>"; };
		5BDD291B19771BD2004939B9 /* base64.h */ = {isa = PBXFileReference; fileEncoding = 4; lastKnownFileType = sourcecode.c.h; path = base64.h; sourceTree = "<group>"; };
		5BDD291C19771BD2004939B9 /* NSData+SRB64Additions.h */ = {isa = PBXFileReference; fileEncoding = 4; lastKnownFileType = sourcecode.c.h; path = "NSData+SRB64Additions.h"; sourceTree = "<group>"; };
		5BDD291D19771BD2004939B9 /* NSData+SRB64Additions.m */ = {isa = PBXFileReference; fileEncoding = 4; lastKnownFileType = sourcecode.c.objc; path = "NSData+SRB64Additions.m"; sourceTree = "<group>"; };
		5BDD291E19771BD2004939B9 /* SRWebSocket.h */ = {isa = PBXFileReference; fileEncoding = 4; lastKnownFileType = sourcecode.c.h; path = SRWebSocket.h; sourceTree = "<group>"; };
		5BDD291F19771BD2004939B9 /* SRWebSocket.m */ = {isa = PBXFileReference; fileEncoding = 4; lastKnownFileType = sourcecode.c.objc; path = SRWebSocket.m; sourceTree = "<group>"; };
		5BDD292B1977220D004939B9 /* CreateAccountViewController.h */ = {isa = PBXFileReference; fileEncoding = 4; lastKnownFileType = sourcecode.c.h; name = CreateAccountViewController.h; path = ../ObjectiveDDPExample/CreateAccountViewController.h; sourceTree = "<group>"; };
		5BDD292C1977220D004939B9 /* CreateAccountViewController.m */ = {isa = PBXFileReference; fileEncoding = 4; lastKnownFileType = sourcecode.c.objc; name = CreateAccountViewController.m; path = ../ObjectiveDDPExample/CreateAccountViewController.m; sourceTree = "<group>"; };
/* End PBXFileReference section */

/* Begin PBXFrameworksBuildPhase section */
		5B4F0DD5196EDE1000DA8874 /* Frameworks */ = {
			isa = PBXFrameworksBuildPhase;
			buildActionMask = 2147483647;
			files = (
				5B4F0DDC196EDE1000DA8874 /* Foundation.framework in Frameworks */,
				5B4F0E80196EEAB300DA8874 /* Security.framework in Frameworks */,
				5B4F0E7E196EEAAB00DA8874 /* CFNetwork.framework in Frameworks */,
				5B4F0E7C196EEAA200DA8874 /* libicucore.dylib in Frameworks */,
				5B4F0DDE196EDE1000DA8874 /* CoreGraphics.framework in Frameworks */,
				5B4F0DE0196EDE1000DA8874 /* UIKit.framework in Frameworks */,
				5BDD292219771BD2004939B9 /* libcrypto.a in Frameworks */,
			);
			runOnlyForDeploymentPostprocessing = 0;
		};
		5B4F0DF6196EDE1000DA8874 /* Frameworks */ = {
			isa = PBXFrameworksBuildPhase;
			buildActionMask = 2147483647;
			files = (
				5B4F0DFB196EDE1000DA8874 /* XCTest.framework in Frameworks */,
				5B4F0DFD196EDE1000DA8874 /* UIKit.framework in Frameworks */,
				5B4F0DFC196EDE1000DA8874 /* Foundation.framework in Frameworks */,
			);
			runOnlyForDeploymentPostprocessing = 0;
		};
/* End PBXFrameworksBuildPhase section */

/* Begin PBXGroup section */
		5B4F0DCF196EDE1000DA8874 = {
			isa = PBXGroup;
			children = (
				5BDD28BC19771BD2004939B9 /* ObjectiveDDP */,
				5BDD291919771BD2004939B9 /* SocketRocket */,
				5B4F0DE1196EDE1000DA8874 /* ObjectiveDDPExample */,
				5B4F0E00196EDE1000DA8874 /* Demo2ObjectiveDDPTests */,
				5B4F0DDA196EDE1000DA8874 /* Frameworks */,
				5B4F0DD9196EDE1000DA8874 /* Products */,
			);
			sourceTree = "<group>";
		};
		5B4F0DD9196EDE1000DA8874 /* Products */ = {
			isa = PBXGroup;
			children = (
				5B4F0DD8196EDE1000DA8874 /* ObjectiveDDPExample.app */,
				5B4F0DF9196EDE1000DA8874 /* ObjectiveDDPExampleTests.xctest */,
			);
			name = Products;
			sourceTree = "<group>";
		};
		5B4F0DDA196EDE1000DA8874 /* Frameworks */ = {
			isa = PBXGroup;
			children = (
				5B4F0E7F196EEAB300DA8874 /* Security.framework */,
				5B4F0E7D196EEAAB00DA8874 /* CFNetwork.framework */,
				5B4F0E7B196EEAA200DA8874 /* libicucore.dylib */,
				5B4F0DDB196EDE1000DA8874 /* Foundation.framework */,
				5B4F0DDD196EDE1000DA8874 /* CoreGraphics.framework */,
				5B4F0DDF196EDE1000DA8874 /* UIKit.framework */,
				5B4F0DFA196EDE1000DA8874 /* XCTest.framework */,
			);
			name = Frameworks;
			sourceTree = "<group>";
		};
		5B4F0DE1196EDE1000DA8874 /* ObjectiveDDPExample */ = {
			isa = PBXGroup;
			children = (
				5B4F0DED196EDE1000DA8874 /* Main.storyboard */,
				5B4F0DEA196EDE1000DA8874 /* AppDelegate.h */,
				5B4F0DEB196EDE1000DA8874 /* AppDelegate.m */,
				5B4F0E81196F031300DA8874 /* LoginViewController.h */,
				5B4F0E82196F031300DA8874 /* LoginViewController.m */,
				5BDD292B1977220D004939B9 /* CreateAccountViewController.h */,
				5BDD292C1977220D004939B9 /* CreateAccountViewController.m */,
				5B4F0DF3196EDE1000DA8874 /* Images.xcassets */,
				5B4F0DE2196EDE1000DA8874 /* Supporting Files */,
			);
			name = ObjectiveDDPExample;
			path = Demo2ObjectiveDDP;
			sourceTree = "<group>";
		};
		5B4F0DE2196EDE1000DA8874 /* Supporting Files */ = {
			isa = PBXGroup;
			children = (
				5B4F0DE3196EDE1000DA8874 /* ObjectiveDDPExample-Info.plist */,
				5B4F0DE4196EDE1000DA8874 /* InfoPlist.strings */,
				5B4F0DE7196EDE1000DA8874 /* main.m */,
				5B4F0DE9196EDE1000DA8874 /* ObjectiveDDPExample-Prefix.pch */,
			);
			name = "Supporting Files";
			sourceTree = "<group>";
		};
		5B4F0E00196EDE1000DA8874 /* Demo2ObjectiveDDPTests */ = {
			isa = PBXGroup;
			children = (
				5B4F0E06196EDE1000DA8874 /* Demo2ObjectiveDDPTests.m */,
				5B4F0E01196EDE1000DA8874 /* Supporting Files */,
			);
			path = Demo2ObjectiveDDPTests;
			sourceTree = "<group>";
		};
		5B4F0E01196EDE1000DA8874 /* Supporting Files */ = {
			isa = PBXGroup;
			children = (
				5B4F0E02196EDE1000DA8874 /* Demo2ObjectiveDDPTests-Info.plist */,
				5B4F0E03196EDE1000DA8874 /* InfoPlist.strings */,
			);
			name = "Supporting Files";
			sourceTree = "<group>";
		};
		5BDD28BC19771BD2004939B9 /* ObjectiveDDP */ = {
			isa = PBXGroup;
			children = (
				5BDD28BD19771BD2004939B9 /* BSONIdGenerator.h */,
				5BDD28BE19771BD2004939B9 /* BSONIdGenerator.m */,
				5BDD28BF19771BD2004939B9 /* DependencyProvider.h */,
				5BDD28C019771BD2004939B9 /* DependencyProvider.m */,
				5BDD28C119771BD2004939B9 /* libcrypto.a */,
				5BDD28C219771BD2004939B9 /* MeteorClient+Parsing.m */,
				5BDD28C319771BD2004939B9 /* MeteorClient+Private.h */,
				5BDD28C419771BD2004939B9 /* MeteorClient.h */,
				5BDD28C519771BD2004939B9 /* MeteorClient.m */,
				5BDD28C619771BD2004939B9 /* NSData+DDPHex.h */,
				5BDD28C719771BD2004939B9 /* NSData+DDPHex.m */,
				5BDD28C819771BD2004939B9 /* ObjectiveDDP-Prefix.pch */,
				5BDD28C919771BD2004939B9 /* ObjectiveDDP.h */,
				5BDD28CA19771BD2004939B9 /* ObjectiveDDP.m */,
				5BDD28CB19771BD2004939B9 /* openssl */,
				5BDD291619771BD2004939B9 /* srp */,
			);
			path = ObjectiveDDP;
			sourceTree = "<group>";
		};
		5BDD28CB19771BD2004939B9 /* openssl */ = {
			isa = PBXGroup;
			children = (
				5BDD28CC19771BD2004939B9 /* aes.h */,
				5BDD28CD19771BD2004939B9 /* asn1.h */,
				5BDD28CE19771BD2004939B9 /* asn1_mac.h */,
				5BDD28CF19771BD2004939B9 /* asn1t.h */,
				5BDD28D019771BD2004939B9 /* bio.h */,
				5BDD28D119771BD2004939B9 /* blowfish.h */,
				5BDD28D219771BD2004939B9 /* bn.h */,
				5BDD28D319771BD2004939B9 /* buffer.h */,
				5BDD28D419771BD2004939B9 /* camellia.h */,
				5BDD28D519771BD2004939B9 /* cast.h */,
				5BDD28D619771BD2004939B9 /* cmac.h */,
				5BDD28D719771BD2004939B9 /* cms.h */,
				5BDD28D819771BD2004939B9 /* comp.h */,
				5BDD28D919771BD2004939B9 /* conf.h */,
				5BDD28DA19771BD2004939B9 /* conf_api.h */,
				5BDD28DB19771BD2004939B9 /* crypto.h */,
				5BDD28DC19771BD2004939B9 /* des.h */,
				5BDD28DD19771BD2004939B9 /* des_old.h */,
				5BDD28DE19771BD2004939B9 /* dh.h */,
				5BDD28DF19771BD2004939B9 /* dsa.h */,
				5BDD28E019771BD2004939B9 /* dso.h */,
				5BDD28E119771BD2004939B9 /* dtls1.h */,
				5BDD28E219771BD2004939B9 /* e_os2.h */,
				5BDD28E319771BD2004939B9 /* ebcdic.h */,
				5BDD28E419771BD2004939B9 /* ec.h */,
				5BDD28E519771BD2004939B9 /* ecdh.h */,
				5BDD28E619771BD2004939B9 /* ecdsa.h */,
				5BDD28E719771BD2004939B9 /* engine.h */,
				5BDD28E819771BD2004939B9 /* err.h */,
				5BDD28E919771BD2004939B9 /* evp.h */,
				5BDD28EA19771BD2004939B9 /* hmac.h */,
				5BDD28EB19771BD2004939B9 /* idea.h */,
				5BDD28EC19771BD2004939B9 /* krb5_asn.h */,
				5BDD28ED19771BD2004939B9 /* kssl.h */,
				5BDD28EE19771BD2004939B9 /* lhash.h */,
				5BDD28EF19771BD2004939B9 /* md4.h */,
				5BDD28F019771BD2004939B9 /* md5.h */,
				5BDD28F119771BD2004939B9 /* mdc2.h */,
				5BDD28F219771BD2004939B9 /* modes.h */,
				5BDD28F319771BD2004939B9 /* obj_mac.h */,
				5BDD28F419771BD2004939B9 /* objects.h */,
				5BDD28F519771BD2004939B9 /* ocsp.h */,
				5BDD28F619771BD2004939B9 /* opensslconf.h */,
				5BDD28F719771BD2004939B9 /* opensslv.h */,
				5BDD28F819771BD2004939B9 /* ossl_typ.h */,
				5BDD28F919771BD2004939B9 /* pem.h */,
				5BDD28FA19771BD2004939B9 /* pem2.h */,
				5BDD28FB19771BD2004939B9 /* pkcs12.h */,
				5BDD28FC19771BD2004939B9 /* pkcs7.h */,
				5BDD28FD19771BD2004939B9 /* pqueue.h */,
				5BDD28FE19771BD2004939B9 /* rand.h */,
				5BDD28FF19771BD2004939B9 /* rc2.h */,
				5BDD290019771BD2004939B9 /* rc4.h */,
				5BDD290119771BD2004939B9 /* ripemd.h */,
				5BDD290219771BD2004939B9 /* rsa.h */,
				5BDD290319771BD2004939B9 /* safestack.h */,
				5BDD290419771BD2004939B9 /* seed.h */,
				5BDD290519771BD2004939B9 /* sha.h */,
				5BDD290619771BD2004939B9 /* srtp.h */,
				5BDD290719771BD2004939B9 /* ssl.h */,
				5BDD290819771BD2004939B9 /* ssl2.h */,
				5BDD290919771BD2004939B9 /* ssl23.h */,
				5BDD290A19771BD2004939B9 /* ssl3.h */,
				5BDD290B19771BD2004939B9 /* stack.h */,
				5BDD290C19771BD2004939B9 /* symhacks.h */,
				5BDD290D19771BD2004939B9 /* tls1.h */,
				5BDD290E19771BD2004939B9 /* ts.h */,
				5BDD290F19771BD2004939B9 /* txt_db.h */,
				5BDD291019771BD2004939B9 /* ui.h */,
				5BDD291119771BD2004939B9 /* ui_compat.h */,
				5BDD291219771BD2004939B9 /* whrlpool.h */,
				5BDD291319771BD2004939B9 /* x509.h */,
				5BDD291419771BD2004939B9 /* x509_vfy.h */,
				5BDD291519771BD2004939B9 /* x509v3.h */,
			);
			path = openssl;
			sourceTree = "<group>";
		};
		5BDD291619771BD2004939B9 /* srp */ = {
			isa = PBXGroup;
			children = (
				5BDD291719771BD2004939B9 /* srp.c */,
				5BDD291819771BD2004939B9 /* srp.h */,
			);
			path = srp;
			sourceTree = "<group>";
		};
		5BDD291919771BD2004939B9 /* SocketRocket */ = {
			isa = PBXGroup;
			children = (
				5BDD291A19771BD2004939B9 /* base64.c */,
				5BDD291B19771BD2004939B9 /* base64.h */,
				5BDD291C19771BD2004939B9 /* NSData+SRB64Additions.h */,
				5BDD291D19771BD2004939B9 /* NSData+SRB64Additions.m */,
				5BDD291E19771BD2004939B9 /* SRWebSocket.h */,
				5BDD291F19771BD2004939B9 /* SRWebSocket.m */,
			);
			path = SocketRocket;
			sourceTree = "<group>";
		};
/* End PBXGroup section */

/* Begin PBXNativeTarget section */
		5B4F0DD7196EDE1000DA8874 /* ObjectiveDDPExample */ = {
			isa = PBXNativeTarget;
			buildConfigurationList = 5B4F0E0A196EDE1000DA8874 /* Build configuration list for PBXNativeTarget "ObjectiveDDPExample" */;
			buildPhases = (
				5B4F0DD4196EDE1000DA8874 /* Sources */,
				5B4F0DD5196EDE1000DA8874 /* Frameworks */,
				5B4F0DD6196EDE1000DA8874 /* Resources */,
			);
			buildRules = (
			);
			dependencies = (
			);
			name = ObjectiveDDPExample;
			productName = Demo2ObjectiveDDP;
			productReference = 5B4F0DD8196EDE1000DA8874 /* ObjectiveDDPExample.app */;
			productType = "com.apple.product-type.application";
		};
		5B4F0DF8196EDE1000DA8874 /* ObjectiveDDPExampleTests */ = {
			isa = PBXNativeTarget;
			buildConfigurationList = 5B4F0E0D196EDE1000DA8874 /* Build configuration list for PBXNativeTarget "ObjectiveDDPExampleTests" */;
			buildPhases = (
				5B4F0DF5196EDE1000DA8874 /* Sources */,
				5B4F0DF6196EDE1000DA8874 /* Frameworks */,
				5B4F0DF7196EDE1000DA8874 /* Resources */,
			);
			buildRules = (
			);
			dependencies = (
				5B4F0DFF196EDE1000DA8874 /* PBXTargetDependency */,
			);
			name = ObjectiveDDPExampleTests;
			productName = Demo2ObjectiveDDPTests;
			productReference = 5B4F0DF9196EDE1000DA8874 /* ObjectiveDDPExampleTests.xctest */;
			productType = "com.apple.product-type.bundle.unit-test";
		};
/* End PBXNativeTarget section */

/* Begin PBXProject section */
		5B4F0DD0196EDE1000DA8874 /* Project object */ = {
			isa = PBXProject;
			attributes = {
				LastUpgradeCheck = 0510;
				ORGANIZATIONNAME = "Victor Carreño";
				TargetAttributes = {
					5B4F0DF8196EDE1000DA8874 = {
						TestTargetID = 5B4F0DD7196EDE1000DA8874;
					};
				};
			};
			buildConfigurationList = 5B4F0DD3196EDE1000DA8874 /* Build configuration list for PBXProject "ObjectiveDDPExample" */;
			compatibilityVersion = "Xcode 3.2";
			developmentRegion = English;
			hasScannedForEncodings = 0;
			knownRegions = (
				en,
				Base,
			);
			mainGroup = 5B4F0DCF196EDE1000DA8874;
			productRefGroup = 5B4F0DD9196EDE1000DA8874 /* Products */;
			projectDirPath = "";
			projectRoot = "";
			targets = (
				5B4F0DD7196EDE1000DA8874 /* ObjectiveDDPExample */,
				5B4F0DF8196EDE1000DA8874 /* ObjectiveDDPExampleTests */,
			);
		};
/* End PBXProject section */

/* Begin PBXResourcesBuildPhase section */
		5B4F0DD6196EDE1000DA8874 /* Resources */ = {
			isa = PBXResourcesBuildPhase;
			buildActionMask = 2147483647;
			files = (
				5B4F0DF4196EDE1000DA8874 /* Images.xcassets in Resources */,
				5B4F0DE6196EDE1000DA8874 /* InfoPlist.strings in Resources */,
				5B4F0DEF196EDE1000DA8874 /* Main.storyboard in Resources */,
			);
			runOnlyForDeploymentPostprocessing = 0;
		};
		5B4F0DF7196EDE1000DA8874 /* Resources */ = {
			isa = PBXResourcesBuildPhase;
			buildActionMask = 2147483647;
			files = (
				5B4F0E05196EDE1000DA8874 /* InfoPlist.strings in Resources */,
			);
			runOnlyForDeploymentPostprocessing = 0;
		};
/* End PBXResourcesBuildPhase section */

/* Begin PBXSourcesBuildPhase section */
		5B4F0DD4196EDE1000DA8874 /* Sources */ = {
			isa = PBXSourcesBuildPhase;
			buildActionMask = 2147483647;
			files = (
				5BDD292719771BD2004939B9 /* srp.c in Sources */,
				5BDD292D1977220D004939B9 /* CreateAccountViewController.m in Sources */,
				5BDD292919771BD2004939B9 /* NSData+SRB64Additions.m in Sources */,
				5B4F0E83196F031300DA8874 /* LoginViewController.m in Sources */,
				5BDD292A19771BD2004939B9 /* SRWebSocket.m in Sources */,
				5BDD292019771BD2004939B9 /* BSONIdGenerator.m in Sources */,
				5BDD292119771BD2004939B9 /* DependencyProvider.m in Sources */,
				5BDD292619771BD2004939B9 /* ObjectiveDDP.m in Sources */,
				5BDD292519771BD2004939B9 /* NSData+DDPHex.m in Sources */,
				5BDD292419771BD2004939B9 /* MeteorClient.m in Sources */,
				5BDD292319771BD2004939B9 /* MeteorClient+Parsing.m in Sources */,
				5B4F0DEC196EDE1000DA8874 /* AppDelegate.m in Sources */,
				5BDD292819771BD2004939B9 /* base64.c in Sources */,
				5B4F0DE8196EDE1000DA8874 /* main.m in Sources */,
			);
			runOnlyForDeploymentPostprocessing = 0;
		};
		5B4F0DF5196EDE1000DA8874 /* Sources */ = {
			isa = PBXSourcesBuildPhase;
			buildActionMask = 2147483647;
			files = (
				5B4F0E07196EDE1000DA8874 /* Demo2ObjectiveDDPTests.m in Sources */,
			);
			runOnlyForDeploymentPostprocessing = 0;
		};
/* End PBXSourcesBuildPhase section */

/* Begin PBXTargetDependency section */
		5B4F0DFF196EDE1000DA8874 /* PBXTargetDependency */ = {
			isa = PBXTargetDependency;
			target = 5B4F0DD7196EDE1000DA8874 /* ObjectiveDDPExample */;
			targetProxy = 5B4F0DFE196EDE1000DA8874 /* PBXContainerItemProxy */;
		};
/* End PBXTargetDependency section */

/* Begin PBXVariantGroup section */
		5B4F0DE4196EDE1000DA8874 /* InfoPlist.strings */ = {
			isa = PBXVariantGroup;
			children = (
				5B4F0DE5196EDE1000DA8874 /* en */,
			);
			name = InfoPlist.strings;
			path = ../ObjectiveDDPExample;
			sourceTree = "<group>";
		};
		5B4F0DED196EDE1000DA8874 /* Main.storyboard */ = {
			isa = PBXVariantGroup;
			children = (
				5B4F0DEE196EDE1000DA8874 /* Base */,
			);
			name = Main.storyboard;
			path = ../ObjectiveDDPExample;
			sourceTree = "<group>";
		};
		5B4F0E03196EDE1000DA8874 /* InfoPlist.strings */ = {
			isa = PBXVariantGroup;
			children = (
				5B4F0E04196EDE1000DA8874 /* en */,
			);
			name = InfoPlist.strings;
			sourceTree = "<group>";
		};
/* End PBXVariantGroup section */

/* Begin XCBuildConfiguration section */
		5B4F0E08196EDE1000DA8874 /* Debug */ = {
			isa = XCBuildConfiguration;
			buildSettings = {
				ALWAYS_SEARCH_USER_PATHS = NO;
				CLANG_CXX_LANGUAGE_STANDARD = "gnu++0x";
				CLANG_CXX_LIBRARY = "libc++";
				CLANG_ENABLE_MODULES = YES;
				CLANG_ENABLE_OBJC_ARC = YES;
				CLANG_WARN_BOOL_CONVERSION = YES;
				CLANG_WARN_CONSTANT_CONVERSION = YES;
				CLANG_WARN_DIRECT_OBJC_ISA_USAGE = YES_ERROR;
				CLANG_WARN_EMPTY_BODY = YES;
				CLANG_WARN_ENUM_CONVERSION = YES;
				CLANG_WARN_INT_CONVERSION = YES;
				CLANG_WARN_OBJC_ROOT_CLASS = YES_ERROR;
				CLANG_WARN__DUPLICATE_METHOD_MATCH = YES;
				"CODE_SIGN_IDENTITY[sdk=iphoneos*]" = "iPhone Developer";
				COPY_PHASE_STRIP = NO;
				GCC_C_LANGUAGE_STANDARD = gnu99;
				GCC_DYNAMIC_NO_PIC = NO;
				GCC_OPTIMIZATION_LEVEL = 0;
				GCC_PREPROCESSOR_DEFINITIONS = (
					"DEBUG=1",
					"$(inherited)",
				);
				GCC_SYMBOLS_PRIVATE_EXTERN = NO;
				GCC_WARN_64_TO_32_BIT_CONVERSION = YES;
				GCC_WARN_ABOUT_RETURN_TYPE = YES_ERROR;
				GCC_WARN_UNDECLARED_SELECTOR = YES;
				GCC_WARN_UNINITIALIZED_AUTOS = YES_AGGRESSIVE;
				GCC_WARN_UNUSED_FUNCTION = YES;
				GCC_WARN_UNUSED_VARIABLE = YES;
				IPHONEOS_DEPLOYMENT_TARGET = 7.0;
				ONLY_ACTIVE_ARCH = NO;
				SDKROOT = iphoneos;
			};
			name = Debug;
		};
		5B4F0E09196EDE1000DA8874 /* Release */ = {
			isa = XCBuildConfiguration;
			buildSettings = {
				ALWAYS_SEARCH_USER_PATHS = NO;
				CLANG_CXX_LANGUAGE_STANDARD = "gnu++0x";
				CLANG_CXX_LIBRARY = "libc++";
				CLANG_ENABLE_MODULES = YES;
				CLANG_ENABLE_OBJC_ARC = YES;
				CLANG_WARN_BOOL_CONVERSION = YES;
				CLANG_WARN_CONSTANT_CONVERSION = YES;
				CLANG_WARN_DIRECT_OBJC_ISA_USAGE = YES_ERROR;
				CLANG_WARN_EMPTY_BODY = YES;
				CLANG_WARN_ENUM_CONVERSION = YES;
				CLANG_WARN_INT_CONVERSION = YES;
				CLANG_WARN_OBJC_ROOT_CLASS = YES_ERROR;
				CLANG_WARN__DUPLICATE_METHOD_MATCH = YES;
				"CODE_SIGN_IDENTITY[sdk=iphoneos*]" = "iPhone Developer";
				COPY_PHASE_STRIP = YES;
				ENABLE_NS_ASSERTIONS = NO;
				GCC_C_LANGUAGE_STANDARD = gnu99;
				GCC_WARN_64_TO_32_BIT_CONVERSION = YES;
				GCC_WARN_ABOUT_RETURN_TYPE = YES_ERROR;
				GCC_WARN_UNDECLARED_SELECTOR = YES;
				GCC_WARN_UNINITIALIZED_AUTOS = YES_AGGRESSIVE;
				GCC_WARN_UNUSED_FUNCTION = YES;
				GCC_WARN_UNUSED_VARIABLE = YES;
				IPHONEOS_DEPLOYMENT_TARGET = 7.0;
				ONLY_ACTIVE_ARCH = NO;
				SDKROOT = iphoneos;
				VALIDATE_PRODUCT = YES;
			};
			name = Release;
		};
		5B4F0E0B196EDE1000DA8874 /* Debug */ = {
			isa = XCBuildConfiguration;
			buildSettings = {
				ALWAYS_SEARCH_USER_PATHS = YES;
				ARCHS = (
					armv7,
					armv7s,
				);
				ASSETCATALOG_COMPILER_APPICON_NAME = AppIcon;
				ASSETCATALOG_COMPILER_LAUNCHIMAGE_NAME = LaunchImage;
				GCC_PRECOMPILE_PREFIX_HEADER = YES;
				GCC_PREFIX_HEADER = "ObjectiveDDPExample/ObjectiveDDPExample-Prefix.pch";
				HEADER_SEARCH_PATHS = "$(SRCROOT)/**";
				INFOPLIST_FILE = "ObjectiveDDPExample/ObjectiveDDPExample-Info.plist";
				IPHONEOS_DEPLOYMENT_TARGET = 7.0;
				LIBRARY_SEARCH_PATHS = (
					"$(inherited)",
					"$(PROJECT_DIR)/ObjectiveDDP",
				);
				PRODUCT_NAME = "$(TARGET_NAME)";
				WRAPPER_EXTENSION = app;
			};
			name = Debug;
		};
		5B4F0E0C196EDE1000DA8874 /* Release */ = {
			isa = XCBuildConfiguration;
			buildSettings = {
				ALWAYS_SEARCH_USER_PATHS = YES;
				ARCHS = (
					armv7,
					armv7s,
				);
				ASSETCATALOG_COMPILER_APPICON_NAME = AppIcon;
				ASSETCATALOG_COMPILER_LAUNCHIMAGE_NAME = LaunchImage;
				GCC_PRECOMPILE_PREFIX_HEADER = YES;
				GCC_PREFIX_HEADER = "ObjectiveDDPExample/ObjectiveDDPExample-Prefix.pch";
				HEADER_SEARCH_PATHS = "$(SRCROOT)/**";
				INFOPLIST_FILE = "ObjectiveDDPExample/ObjectiveDDPExample-Info.plist";
				IPHONEOS_DEPLOYMENT_TARGET = 7.0;
				LIBRARY_SEARCH_PATHS = (
					"$(inherited)",
					"$(PROJECT_DIR)/ObjectiveDDP",
				);
				PRODUCT_NAME = "$(TARGET_NAME)";
				WRAPPER_EXTENSION = app;
			};
			name = Release;
		};
		5B4F0E0E196EDE1000DA8874 /* Debug */ = {
			isa = XCBuildConfiguration;
			buildSettings = {
				BUNDLE_LOADER = "$(BUILT_PRODUCTS_DIR)/Demo2ObjectiveDDP.app/Demo2ObjectiveDDP";
				FRAMEWORK_SEARCH_PATHS = (
					"$(SDKROOT)/Developer/Library/Frameworks",
					"$(inherited)",
					"$(DEVELOPER_FRAMEWORKS_DIR)",
				);
				GCC_PRECOMPILE_PREFIX_HEADER = YES;
				GCC_PREFIX_HEADER = "ObjectiveDDPExample/ObjectiveDDPExample-Info.plist";
				GCC_PREPROCESSOR_DEFINITIONS = (
					"DEBUG=1",
					"$(inherited)",
				);
				INFOPLIST_FILE = "Demo2ObjectiveDDPTests/Demo2ObjectiveDDPTests-Info.plist";
				PRODUCT_NAME = "$(TARGET_NAME)";
				TEST_HOST = "$(BUNDLE_LOADER)";
				WRAPPER_EXTENSION = xctest;
			};
			name = Debug;
		};
		5B4F0E0F196EDE1000DA8874 /* Release */ = {
			isa = XCBuildConfiguration;
			buildSettings = {
				BUNDLE_LOADER = "$(BUILT_PRODUCTS_DIR)/Demo2ObjectiveDDP.app/Demo2ObjectiveDDP";
				FRAMEWORK_SEARCH_PATHS = (
					"$(SDKROOT)/Developer/Library/Frameworks",
					"$(inherited)",
					"$(DEVELOPER_FRAMEWORKS_DIR)",
				);
				GCC_PRECOMPILE_PREFIX_HEADER = YES;
				GCC_PREFIX_HEADER = "ObjectiveDDPExample/ObjectiveDDPExample-Info.plist";
				INFOPLIST_FILE = "Demo2ObjectiveDDPTests/Demo2ObjectiveDDPTests-Info.plist";
				PRODUCT_NAME = "$(TARGET_NAME)";
				TEST_HOST = "$(BUNDLE_LOADER)";
				WRAPPER_EXTENSION = xctest;
			};
			name = Release;
		};
/* End XCBuildConfiguration section */

/* Begin XCConfigurationList section */
		5B4F0DD3196EDE1000DA8874 /* Build configuration list for PBXProject "ObjectiveDDPExample" */ = {
			isa = XCConfigurationList;
			buildConfigurations = (
				5B4F0E08196EDE1000DA8874 /* Debug */,
				5B4F0E09196EDE1000DA8874 /* Release */,
			);
			defaultConfigurationIsVisible = 0;
			defaultConfigurationName = Release;
		};
		5B4F0E0A196EDE1000DA8874 /* Build configuration list for PBXNativeTarget "ObjectiveDDPExample" */ = {
			isa = XCConfigurationList;
			buildConfigurations = (
				5B4F0E0B196EDE1000DA8874 /* Debug */,
				5B4F0E0C196EDE1000DA8874 /* Release */,
			);
			defaultConfigurationIsVisible = 0;
			defaultConfigurationName = Release;
		};
		5B4F0E0D196EDE1000DA8874 /* Build configuration list for PBXNativeTarget "ObjectiveDDPExampleTests" */ = {
			isa = XCConfigurationList;
			buildConfigurations = (
				5B4F0E0E196EDE1000DA8874 /* Debug */,
				5B4F0E0F196EDE1000DA8874 /* Release */,
			);
			defaultConfigurationIsVisible = 0;
			defaultConfigurationName = Release;
		};
/* End XCConfigurationList section */
	};
	rootObject = 5B4F0DD0196EDE1000DA8874 /* Project object */;
}
